<?xml version="1.0" encoding="utf-8"?>
<Project ToolsVersion="4.0" xmlns="http://schemas.microsoft.com/developer/msbuild/2003">
  <ItemGroup>
    <Filter Include="Source Files">
      <UniqueIdentifier>{1764A746-DF45-42A5-9130-ACECBF83B52D}</UniqueIdentifier>
      <Extensions>cpp;c;cc;cxx;def;odl;idl;hpj;bat;asm;asmx</Extensions>
    </Filter>
    <Filter Include="Header Files">
      <UniqueIdentifier>{123C3058-C87D-480A-8C1A-2AF9D6D7D5AD}</UniqueIdentifier>
      <Extensions>h;hh;hpp;hxx;hm;inl;inc;xsd</Extensions>
    </Filter>
    <Filter Include="Resource Files">
      <UniqueIdentifier>{30823E6F-2B1C-4545-BBFC-EBC812A9C150}</UniqueIdentifier>
      <Extensions>rc;ico;cur;bmp;dlg;rc2;rct;bin;rgs;gif;jpg;jpeg;jpe;resx;tiff;tif;png;wav;mfcribbon-ms</Extensions>
    </Filter>
  </ItemGroup>
  <ItemGroup>
    <ClCompile Include="source\referentiable.managers.cpp">
      <Filter>Source Files</Filter>
    </ClCompile>
    <ClCompile Include="source\path.suite.cpp">
      <Filter>Source Files</Filter>
    </ClCompile>
  </ItemGroup>
  <ItemGroup>
    <ClInclude Include="include\path.manager.h">
      <Filter>Header Files</Filter>
    </ClInclude>
    <ClInclude Include="include\path.suite.h">
      <Filter>Header Files</Filter>
    </ClInclude>
    <ClInclude Include="include\managers.allincludes.h">
      <Filter>Header Files</Filter>
    </ClInclude>
  </ItemGroup>
</Project>